
Microsoft Visual Studio Solution File, Format Version 12.00
# Visual Studio Version 16
VisualStudioVersion = 16.0.31729.503
MinimumVisualStudioVersion = 10.0.40219.1
Project("{FAE04EC0-301F-11D3-BF4B-00C04F79EFBC}") = "App1.Android", "App1.Android\App1.Android.csproj", "{89944063-8813-440E-9431-A696777BC15E}"
EndProject
Project("{FAE04EC0-301F-11D3-BF4B-00C04F79EFBC}") = "App1", "App1\App1.csproj", "{4F011C6A-3129-4421-8685-704D580E3B6E}"
EndProject
Global
	GlobalSection(SolutionConfigurationPlatforms) = preSolution
		Debug|Any CPU = Debug|Any CPU
		Release|Any CPU = Release|Any CPU
	EndGlobalSection
	GlobalSection(ProjectConfigurationPlatforms) = postSolution
		{89944063-8813-440E-9431-A696777BC15E}.Debug|Any CPU.ActiveCfg = Debug|Any CPU
		{89944063-8813-440E-9431-A696777BC15E}.Debug|Any CPU.Build.0 = Debug|Any CPU
		{89944063-8813-440E-9431-A696777BC15E}.Debug|Any CPU.Deploy.0 = Debug|Any CPU
		{89944063-8813-440E-9431-A696777BC15E}.Release|Any CPU.ActiveCfg = Release|Any CPU
		{89944063-8813-440E-9431-A696777BC15E}.Release|Any CPU.Build.0 = Release|Any CPU
		{89944063-8813-440E-9431-A696777BC15E}.Release|Any CPU.Deploy.0 = Release|Any CPU
		{4F011C6A-3129-4421-8685-704D580E3B6E}.Debug|Any CPU.ActiveCfg = Debug|Any CPU
		{4F011C6A-3129-4421-8685-704D580E3B6E}.Debug|Any CPU.Build.0 = Debug|Any CPU
		{4F011C6A-3129-4421-8685-704D580E3B6E}.Debug|Any CPU.Deploy.0 = Debug|Any CPU
		{4F011C6A-3129-4421-8685-704D580E3B6E}.Release|Any CPU.ActiveCfg = Release|Any CPU
		{4F011C6A-3129-4421-8685-704D580E3B6E}.Release|Any CPU.Build.0 = Release|Any CPU
		{4F011C6A-3129-4421-8685-704D580E3B6E}.Release|Any CPU.Deploy.0 = Release|Any CPU
	EndGlobalSection
	GlobalSection(SolutionProperties) = preSolution
		HideSolutionNode = FALSE
	EndGlobalSection
	GlobalSection(ExtensibilityGlobals) = postSolution
		SolutionGuid = {D01C44DF-4658-484C-8028-68370413BD58}
	EndGlobalSection
EndGlobal
